// !$*UTF8*$!
{
	archiveVersion = 1;
	classes = {
	};
	objectVersion = 56;
	objects = {

/* Begin PBXBuildFile section */
		3CC0D87F2B9E23E9004B196D /* PillsMemoApp.swift in Sources */ = {isa = PBXBuildFile; fileRef = 3CC0D87E2B9E23E9004B196D /* PillsMemoApp.swift */; };
		3CC0D8812B9E23E9004B196D /* ContentView.swift in Sources */ = {isa = PBXBuildFile; fileRef = 3CC0D8802B9E23E9004B196D /* ContentView.swift */; };
		3CC0D8832B9E23EC004B196D /* Assets.xcassets in Resources */ = {isa = PBXBuildFile; fileRef = 3CC0D8822B9E23EC004B196D /* Assets.xcassets */; };
		3CC0D8862B9E23EC004B196D /* Preview Assets.xcassets in Resources */ = {isa = PBXBuildFile; fileRef = 3CC0D8852B9E23EC004B196D /* Preview Assets.xcassets */; };
		3CC0D88D2B9E25BF004B196D /* ColorOption.swift in Sources */ = {isa = PBXBuildFile; fileRef = 3CC0D88C2B9E25BF004B196D /* ColorOption.swift */; };
		3CC0D88F2B9E48AA004B196D /* CustomLabelStyle.swift in Sources */ = {isa = PBXBuildFile; fileRef = 3CC0D88E2B9E48AA004B196D /* CustomLabelStyle.swift */; };
		3CC0D8932B9E4918004B196D /* Dose.swift in Sources */ = {isa = PBXBuildFile; fileRef = 3CC0D8902B9E4918004B196D /* Dose.swift */; };
		3CC0D8942B9E4918004B196D /* DoseRow.swift in Sources */ = {isa = PBXBuildFile; fileRef = 3CC0D8912B9E4918004B196D /* DoseRow.swift */; };
		3CC0D8952B9E4918004B196D /* Drug.swift in Sources */ = {isa = PBXBuildFile; fileRef = 3CC0D8922B9E4918004B196D /* Drug.swift */; };
		3CC0D89B2B9E4940004B196D /* NotificationManager.swift in Sources */ = {isa = PBXBuildFile; fileRef = 3CC0D8962B9E4940004B196D /* NotificationManager.swift */; };
		3CC0D89C2B9E4940004B196D /* DrugData.swift in Sources */ = {isa = PBXBuildFile; fileRef = 3CC0D8972B9E4940004B196D /* DrugData.swift */; };
		3CC0D89D2B9E4940004B196D /* DrugEditor.swift in Sources */ = {isa = PBXBuildFile; fileRef = 3CC0D8982B9E4940004B196D /* DrugEditor.swift */; };
		3CC0D89E2B9E4940004B196D /* DrugList.swift in Sources */ = {isa = PBXBuildFile; fileRef = 3CC0D8992B9E4940004B196D /* DrugList.swift */; };
		3CC0D89F2B9E4940004B196D /* DrugRow.swift in Sources */ = {isa = PBXBuildFile; fileRef = 3CC0D89A2B9E4940004B196D /* DrugRow.swift */; };
/* End PBXBuildFile section */

/* Begin PBXFileReference section */
		3CC0D87B2B9E23E9004B196D /* PillsMemo.app */ = {isa = PBXFileReference; explicitFileType = wrapper.application; includeInIndex = 0; path = PillsMemo.app; sourceTree = BUILT_PRODUCTS_DIR; };
		3CC0D87E2B9E23E9004B196D /* PillsMemoApp.swift */ = {isa = PBXFileReference; lastKnownFileType = sourcecode.swift; path = PillsMemoApp.swift; sourceTree = "<group>"; };
		3CC0D8802B9E23E9004B196D /* ContentView.swift */ = {isa = PBXFileReference; lastKnownFileType = sourcecode.swift; path = ContentView.swift; sourceTree = "<group>"; };
		3CC0D8822B9E23EC004B196D /* Assets.xcassets */ = {isa = PBXFileReference; lastKnownFileType = folder.assetcatalog; path = Assets.xcassets; sourceTree = "<group>"; };
		3CC0D8852B9E23EC004B196D /* Preview Assets.xcassets */ = {isa = PBXFileReference; lastKnownFileType = folder.assetcatalog; path = "Preview Assets.xcassets"; sourceTree = "<group>"; };
		3CC0D88C2B9E25BF004B196D /* ColorOption.swift */ = {isa = PBXFileReference; lastKnownFileType = sourcecode.swift; path = ColorOption.swift; sourceTree = "<group>"; };
		3CC0D88E2B9E48AA004B196D /* CustomLabelStyle.swift */ = {isa = PBXFileReference; lastKnownFileType = sourcecode.swift; path = CustomLabelStyle.swift; sourceTree = "<group>"; };
		3CC0D8902B9E4918004B196D /* Dose.swift */ = {isa = PBXFileReference; fileEncoding = 4; lastKnownFileType = sourcecode.swift; name = Dose.swift; path = "../../../../Downloads/PillsMemo-main/Dose.swift"; sourceTree = "<group>"; };
		3CC0D8912B9E4918004B196D /* DoseRow.swift */ = {isa = PBXFileReference; fileEncoding = 4; lastKnownFileType = sourcecode.swift; name = DoseRow.swift; path = "../../../../Downloads/PillsMemo-main/DoseRow.swift"; sourceTree = "<group>"; };
		3CC0D8922B9E4918004B196D /* Drug.swift */ = {isa = PBXFileReference; fileEncoding = 4; lastKnownFileType = sourcecode.swift; name = Drug.swift; path = "../../../../Downloads/PillsMemo-main/Drug.swift"; sourceTree = "<group>"; };
		3CC0D8962B9E4940004B196D /* NotificationManager.swift */ = {isa = PBXFileReference; fileEncoding = 4; lastKnownFileType = sourcecode.swift; name = NotificationManager.swift; path = "../../../../Downloads/PillsMemo-main/NotificationManager.swift"; sourceTree = "<group>"; };
		3CC0D8972B9E4940004B196D /* DrugData.swift */ = {isa = PBXFileReference; fileEncoding = 4; lastKnownFileType = sourcecode.swift; name = DrugData.swift; path = "../../../../Downloads/PillsMemo-main/DrugData.swift"; sourceTree = "<group>"; };
		3CC0D8982B9E4940004B196D /* DrugEditor.swift */ = {isa = PBXFileReference; fileEncoding = 4; lastKnownFileType = sourcecode.swift; name = DrugEditor.swift; path = "../../../../Downloads/PillsMemo-main/DrugEditor.swift"; sourceTree = "<group>"; };
		3CC0D8992B9E4940004B196D /* DrugList.swift */ = {isa = PBXFileReference; fileEncoding = 4; lastKnownFileType = sourcecode.swift; name = DrugList.swift; path = "../../../../Downloads/PillsMemo-main/DrugList.swift"; sourceTree = "<group>"; };
		3CC0D89A2B9E4940004B196D /* DrugRow.swift */ = {isa = PBXFileReference; fileEncoding = 4; lastKnownFileType = sourcecode.swift; name = DrugRow.swift; path = "../../../../Downloads/PillsMemo-main/DrugRow.swift"; sourceTree = "<group>"; };
/* End PBXFileReference section */

/* Begin PBXFrameworksBuildPhase section */
		3CC0D8782B9E23E9004B196D /* Frameworks */ = {
			isa = PBXFrameworksBuildPhase;
			buildActionMask = 2147483647;
			files = (
			);
			runOnlyForDeploymentPostprocessing = 0;
		};
/* End PBXFrameworksBuildPhase section */

/* Begin PBXGroup section */
		3CC0D8722B9E23E9004B196D = {
			isa = PBXGroup;
			children = (
				3CC0D87D2B9E23E9004B196D /* PillsMemo */,
				3CC0D87C2B9E23E9004B196D /* Products */,
			);
			sourceTree = "<group>";
		};
		3CC0D87C2B9E23E9004B196D /* Products */ = {
			isa = PBXGroup;
			children = (
				3CC0D87B2B9E23E9004B196D /* PillsMemo.app */,
			);
			name = Products;
			sourceTree = "<group>";
		};
		3CC0D87D2B9E23E9004B196D /* PillsMemo */ = {
			isa = PBXGroup;
			children = (
				3CC0D88E2B9E48AA004B196D /* CustomLabelStyle.swift */,
				3CC0D8972B9E4940004B196D /* DrugData.swift */,
				3CC0D8982B9E4940004B196D /* DrugEditor.swift */,
				3CC0D8992B9E4940004B196D /* DrugList.swift */,
				3CC0D89A2B9E4940004B196D /* DrugRow.swift */,
				3CC0D8962B9E4940004B196D /* NotificationManager.swift */,
				3CC0D8902B9E4918004B196D /* Dose.swift */,
				3CC0D8912B9E4918004B196D /* DoseRow.swift */,
				3CC0D8922B9E4918004B196D /* Drug.swift */,
				3CC0D87E2B9E23E9004B196D /* PillsMemoApp.swift */,
				3CC0D88C2B9E25BF004B196D /* ColorOption.swift */,
				3CC0D8802B9E23E9004B196D /* ContentView.swift */,
				3CC0D8822B9E23EC004B196D /* Assets.xcassets */,
				3CC0D8842B9E23EC004B196D /* Preview Content */,
			);
			path = PillsMemo;
			sourceTree = "<group>";
		};
		3CC0D8842B9E23EC004B196D /* Preview Content */ = {
			isa = PBXGroup;
			children = (
				3CC0D8852B9E23EC004B196D /* Preview Assets.xcassets */,
			);
			path = "Preview Content";
			sourceTree = "<group>";
		};
/* End PBXGroup section */

/* Begin PBXNativeTarget section */
		3CC0D87A2B9E23E9004B196D /* PillsMemo */ = {
			isa = PBXNativeTarget;
			buildConfigurationList = 3CC0D8892B9E23EC004B196D /* Build configuration list for PBXNativeTarget "PillsMemo" */;
			buildPhases = (
				3CC0D8772B9E23E9004B196D /* Sources */,
				3CC0D8782B9E23E9004B196D /* Frameworks */,
				3CC0D8792B9E23E9004B196D /* Resources */,
			);
			buildRules = (
			);
			dependencies = (
			);
			name = PillsMemo;
			productName = PillsMemo;
			productReference = 3CC0D87B2B9E23E9004B196D /* PillsMemo.app */;
			productType = "com.apple.product-type.application";
		};
/* End PBXNativeTarget section */

/* Begin PBXProject section */
		3CC0D8732B9E23E9004B196D /* Project object */ = {
			isa = PBXProject;
			attributes = {
				BuildIndependentTargetsInParallel = 1;
				LastSwiftUpdateCheck = 1520;
				LastUpgradeCheck = 1520;
				TargetAttributes = {
					3CC0D87A2B9E23E9004B196D = {
						CreatedOnToolsVersion = 15.2;
					};
				};
			};
			buildConfigurationList = 3CC0D8762B9E23E9004B196D /* Build configuration list for PBXProject "PillsMemo" */;
			compatibilityVersion = "Xcode 14.0";
			developmentRegion = en;
			hasScannedForEncodings = 0;
			knownRegions = (
				en,
				Base,
			);
			mainGroup = 3CC0D8722B9E23E9004B196D;
			productRefGroup = 3CC0D87C2B9E23E9004B196D /* Products */;
			projectDirPath = "";
			projectRoot = "";
			targets = (
				3CC0D87A2B9E23E9004B196D /* PillsMemo */,
			);
		};
/* End PBXProject section */

/* Begin PBXResourcesBuildPhase section */
		3CC0D8792B9E23E9004B196D /* Resources */ = {
			isa = PBXResourcesBuildPhase;
			buildActionMask = 2147483647;
			files = (
				3CC0D8862B9E23EC004B196D /* Preview Assets.xcassets in Resources */,
				3CC0D8832B9E23EC004B196D /* Assets.xcassets in Resources */,
			);
			runOnlyForDeploymentPostprocessing = 0;
		};
/* End PBXResourcesBuildPhase section */

/* Begin PBXSourcesBuildPhase section */
		3CC0D8772B9E23E9004B196D /* Sources */ = {
			isa = PBXSourcesBuildPhase;
			buildActionMask = 2147483647;
			files = (
				3CC0D8812B9E23E9004B196D /* ContentView.swift in Sources */,
				3CC0D88F2B9E48AA004B196D /* CustomLabelStyle.swift in Sources */,
				3CC0D89F2B9E4940004B196D /* DrugRow.swift in Sources */,
				3CC0D8932B9E4918004B196D /* Dose.swift in Sources */,
				3CC0D8942B9E4918004B196D /* DoseRow.swift in Sources */,
				3CC0D89D2B9E4940004B196D /* DrugEditor.swift in Sources */,
				3CC0D89E2B9E4940004B196D /* DrugList.swift in Sources */,
				3CC0D87F2B9E23E9004B196D /* PillsMemoApp.swift in Sources */,
				3CC0D8952B9E4918004B196D /* Drug.swift in Sources */,
				3CC0D89C2B9E4940004B196D /* DrugData.swift in Sources */,
				3CC0D89B2B9E4940004B196D /* NotificationManager.swift in Sources */,
				3CC0D88D2B9E25BF004B196D /* ColorOption.swift in Sources */,
			);
			runOnlyForDeploymentPostprocessing = 0;
		};
/* End PBXSourcesBuildPhase section */

/* Begin XCBuildConfiguration section */
		3CC0D8872B9E23EC004B196D /* Debug */ = {
			isa = XCBuildConfiguration;
			buildSettings = {
				ALWAYS_SEARCH_USER_PATHS = NO;
				ASSETCATALOG_COMPILER_GENERATE_SWIFT_ASSET_SYMBOL_EXTENSIONS = YES;
				CLANG_ANALYZER_NONNULL = YES;
				CLANG_ANALYZER_NUMBER_OBJECT_CONVERSION = YES_AGGRESSIVE;
				CLANG_CXX_LANGUAGE_STANDARD = "gnu++20";
				CLANG_ENABLE_MODULES = YES;
				CLANG_ENABLE_OBJC_ARC = YES;
				CLANG_ENABLE_OBJC_WEAK = YES;
				CLANG_WARN_BLOCK_CAPTURE_AUTORELEASING = YES;
				CLANG_WARN_BOOL_CONVERSION = YES;
				CLANG_WARN_COMMA = YES;
				CLANG_WARN_CONSTANT_CONVERSION = YES;
				CLANG_WARN_DEPRECATED_OBJC_IMPLEMENTATIONS = YES;
				CLANG_WARN_DIRECT_OBJC_ISA_USAGE = YES_ERROR;
				CLANG_WARN_DOCUMENTATION_COMMENTS = YES;
				CLANG_WARN_EMPTY_BODY = YES;
				CLANG_WARN_ENUM_CONVERSION = YES;
				CLANG_WARN_INFINITE_RECURSION = YES;
				CLANG_WARN_INT_CONVERSION = YES;
				CLANG_WARN_NON_LITERAL_NULL_CONVERSION = YES;
				CLANG_WARN_OBJC_IMPLICIT_RETAIN_SELF = YES;
				CLANG_WARN_OBJC_LITERAL_CONVERSION = YES;
				CLANG_WARN_OBJC_ROOT_CLASS = YES_ERROR;
				CLANG_WARN_QUOTED_INCLUDE_IN_FRAMEWORK_HEADER = YES;
				CLANG_WARN_RANGE_LOOP_ANALYSIS = YES;
				CLANG_WARN_STRICT_PROTOTYPES = YES;
				CLANG_WARN_SUSPICIOUS_MOVE = YES;
				CLANG_WARN_UNGUARDED_AVAILABILITY = YES_AGGRESSIVE;
				CLANG_WARN_UNREACHABLE_CODE = YES;
				CLANG_WARN__DUPLICATE_METHOD_MATCH = YES;
				COPY_PHASE_STRIP = NO;
				DEBUG_INFORMATION_FORMAT = dwarf;
				ENABLE_STRICT_OBJC_MSGSEND = YES;
				ENABLE_TESTABILITY = YES;
				ENABLE_USER_SCRIPT_SANDBOXING = YES;
				GCC_C_LANGUAGE_STANDARD = gnu17;
				GCC_DYNAMIC_NO_PIC = NO;
				GCC_NO_COMMON_BLOCKS = YES;
				GCC_OPTIMIZATION_LEVEL = 0;
				GCC_PREPROCESSOR_DEFINITIONS = (
					"DEBUG=1",
					"$(inherited)",
				);
				GCC_WARN_64_TO_32_BIT_CONVERSION = YES;
				GCC_WARN_ABOUT_RETURN_TYPE = YES_ERROR;
				GCC_WARN_UNDECLARED_SELECTOR = YES;
				GCC_WARN_UNINITIALIZED_AUTOS = YES_AGGRESSIVE;
				GCC_WARN_UNUSED_FUNCTION = YES;
				GCC_WARN_UNUSED_VARIABLE = YES;
				IPHONEOS_DEPLOYMENT_TARGET = 17.2;
				LOCALIZATION_PREFERS_STRING_CATALOGS = YES;
				MTL_ENABLE_DEBUG_INFO = INCLUDE_SOURCE;
				MTL_FAST_MATH = YES;
				ONLY_ACTIVE_ARCH = YES;
				SDKROOT = iphoneos;
				SWIFT_ACTIVE_COMPILATION_CONDITIONS = "DEBUG $(inherited)";
				SWIFT_OPTIMIZATION_LEVEL = "-Onone";
			};
			name = Debug;
		};
		3CC0D8882B9E23EC004B196D /* Release */ = {
			isa = XCBuildConfiguration;
			buildSettings = {
				ALWAYS_SEARCH_USER_PATHS = NO;
				ASSETCATALOG_COMPILER_GENERATE_SWIFT_ASSET_SYMBOL_EXTENSIONS = YES;
				CLANG_ANALYZER_NONNULL = YES;
				CLANG_ANALYZER_NUMBER_OBJECT_CONVERSION = YES_AGGRESSIVE;
				CLANG_CXX_LANGUAGE_STANDARD = "gnu++20";
				CLANG_ENABLE_MODULES = YES;
				CLANG_ENABLE_OBJC_ARC = YES;
				CLANG_ENABLE_OBJC_WEAK = YES;
				CLANG_WARN_BLOCK_CAPTURE_AUTORELEASING = YES;
				CLANG_WARN_BOOL_CONVERSION = YES;
				CLANG_WARN_COMMA = YES;
				CLANG_WARN_CONSTANT_CONVERSION = YES;
				CLANG_WARN_DEPRECATED_OBJC_IMPLEMENTATIONS = YES;
				CLANG_WARN_DIRECT_OBJC_ISA_USAGE = YES_ERROR;
				CLANG_WARN_DOCUMENTATION_COMMENTS = YES;
				CLANG_WARN_EMPTY_BODY = YES;
				CLANG_WARN_ENUM_CONVERSION = YES;
				CLANG_WARN_INFINITE_RECURSION = YES;
				CLANG_WARN_INT_CONVERSION = YES;
				CLANG_WARN_NON_LITERAL_NULL_CONVERSION = YES;
				CLANG_WARN_OBJC_IMPLICIT_RETAIN_SELF = YES;
				CLANG_WARN_OBJC_LITERAL_CONVERSION = YES;
				CLANG_WARN_OBJC_ROOT_CLASS = YES_ERROR;
				CLANG_WARN_QUOTED_INCLUDE_IN_FRAMEWORK_HEADER = YES;
				CLANG_WARN_RANGE_LOOP_ANALYSIS = YES;
				CLANG_WARN_STRICT_PROTOTYPES = YES;
				CLANG_WARN_SUSPICIOUS_MOVE = YES;
				CLANG_WARN_UNGUARDED_AVAILABILITY = YES_AGGRESSIVE;
				CLANG_WARN_UNREACHABLE_CODE = YES;
				CLANG_WARN__DUPLICATE_METHOD_MATCH = YES;
				COPY_PHASE_STRIP = NO;
				DEBUG_INFORMATION_FORMAT = "dwarf-with-dsym";
				ENABLE_NS_ASSERTIONS = NO;
				ENABLE_STRICT_OBJC_MSGSEND = YES;
				ENABLE_USER_SCRIPT_SANDBOXING = YES;
				GCC_C_LANGUAGE_STANDARD = gnu17;
				GCC_NO_COMMON_BLOCKS = YES;
				GCC_WARN_64_TO_32_BIT_CONVERSION = YES;
				GCC_WARN_ABOUT_RETURN_TYPE = YES_ERROR;
				GCC_WARN_UNDECLARED_SELECTOR = YES;
				GCC_WARN_UNINITIALIZED_AUTOS = YES_AGGRESSIVE;
				GCC_WARN_UNUSED_FUNCTION = YES;
				GCC_WARN_UNUSED_VARIABLE = YES;
				IPHONEOS_DEPLOYMENT_TARGET = 17.2;
				LOCALIZATION_PREFERS_STRING_CATALOGS = YES;
				MTL_ENABLE_DEBUG_INFO = NO;
				MTL_FAST_MATH = YES;
				SDKROOT = iphoneos;
				SWIFT_COMPILATION_MODE = wholemodule;
				VALIDATE_PRODUCT = YES;
			};
			name = Release;
		};
		3CC0D88A2B9E23EC004B196D /* Debug */ = {
			isa = XCBuildConfiguration;
			buildSettings = {
				ASSETCATALOG_COMPILER_APPICON_NAME = AppIcon;
				ASSETCATALOG_COMPILER_GLOBAL_ACCENT_COLOR_NAME = AccentColor;
				CODE_SIGN_STYLE = Automatic;
				CURRENT_PROJECT_VERSION = 1;
				DEVELOPMENT_ASSET_PATHS = "\"PillsMemo/Preview Content\"";
				DEVELOPMENT_TEAM = 8BKNLXP3GY;
				ENABLE_PREVIEWS = YES;
				GENERATE_INFOPLIST_FILE = YES;
				INFOPLIST_KEY_UIApplicationSceneManifest_Generation = YES;
				INFOPLIST_KEY_UIApplicationSupportsIndirectInputEvents = YES;
				INFOPLIST_KEY_UILaunchScreen_Generation = YES;
				INFOPLIST_KEY_UISupportedInterfaceOrientations_iPad = "UIInterfaceOrientationPortrait UIInterfaceOrientationPortraitUpsideDown UIInterfaceOrientationLandscapeLeft UIInterfaceOrientationLandscapeRight";
				INFOPLIST_KEY_UISupportedInterfaceOrientations_iPhone = "UIInterfaceOrientationPortrait UIInterfaceOrientationLandscapeLeft UIInterfaceOrientationLandscapeRight";
				LD_RUNPATH_SEARCH_PATHS = (
					"$(inherited)",
					"@executable_path/Frameworks",
				);
				MARKETING_VERSION = 1.0;
				PRODUCT_BUNDLE_IDENTIFIER = com.elishevamar.PillsMemo;
				PRODUCT_NAME = "$(TARGET_NAME)";
				SWIFT_EMIT_LOC_STRINGS = YES;
				SWIFT_VERSION = 5.0;
				TARGETED_DEVICE_FAMILY = "1,2";
			};
			name = Debug;
		};
		3CC0D88B2B9E23EC004B196D /* Release */ = {
			isa = XCBuildConfiguration;
			buildSettings = {
				ASSETCATALOG_COMPILER_APPICON_NAME = AppIcon;
				ASSETCATALOG_COMPILER_GLOBAL_ACCENT_COLOR_NAME = AccentColor;
				CODE_SIGN_STYLE = Automatic;
				CURRENT_PROJECT_VERSION = 1;
				DEVELOPMENT_ASSET_PATHS = "\"PillsMemo/Preview Content\"";
				DEVELOPMENT_TEAM = 8BKNLXP3GY;
				ENABLE_PREVIEWS = YES;
				GENERATE_INFOPLIST_FILE = YES;
				INFOPLIST_KEY_UIApplicationSceneManifest_Generation = YES;
				INFOPLIST_KEY_UIApplicationSupportsIndirectInputEvents = YES;
				INFOPLIST_KEY_UILaunchScreen_Generation = YES;
				INFOPLIST_KEY_UISupportedInterfaceOrientations_iPad = "UIInterfaceOrientationPortrait UIInterfaceOrientationPortraitUpsideDown UIInterfaceOrientationLandscapeLeft UIInterfaceOrientationLandscapeRight";
				INFOPLIST_KEY_UISupportedInterfaceOrientations_iPhone = "UIInterfaceOrientationPortrait UIInterfaceOrientationLandscapeLeft UIInterfaceOrientationLandscapeRight";
				LD_RUNPATH_SEARCH_PATHS = (
					"$(inherited)",
					"@executable_path/Frameworks",
				);
				MARKETING_VERSION = 1.0;
				PRODUCT_BUNDLE_IDENTIFIER = com.elishevamar.PillsMemo;
				PRODUCT_NAME = "$(TARGET_NAME)";
				SWIFT_EMIT_LOC_STRINGS = YES;
				SWIFT_VERSION = 5.0;
				TARGETED_DEVICE_FAMILY = "1,2";
			};
			name = Release;
		};
/* End XCBuildConfiguration section */

/* Begin XCConfigurationList section */
		3CC0D8762B9E23E9004B196D /* Build configuration list for PBXProject "PillsMemo" */ = {
			isa = XCConfigurationList;
			buildConfigurations = (
				3CC0D8872B9E23EC004B196D /* Debug */,
				3CC0D8882B9E23EC004B196D /* Release */,
			);
			defaultConfigurationIsVisible = 0;
			defaultConfigurationName = Release;
		};
		3CC0D8892B9E23EC004B196D /* Build configuration list for PBXNativeTarget "PillsMemo" */ = {
			isa = XCConfigurationList;
			buildConfigurations = (
				3CC0D88A2B9E23EC004B196D /* Debug */,
				3CC0D88B2B9E23EC004B196D /* Release */,
			);
			defaultConfigurationIsVisible = 0;
			defaultConfigurationName = Release;
		};
/* End XCConfigurationList section */
	};
	rootObject = 3CC0D8732B9E23E9004B196D /* Project object */;
}
